
Microsoft Visual Studio Solution File, Format Version 12.00
# Visual Studio Version 16
VisualStudioVersion = 16.0.31624.102
MinimumVisualStudioVersion = 10.0.40219.1
Project("{FAE04EC0-301F-11D3-BF4B-00C04F79EFBC}") = "ProjectPRN211", "ProjectPRN211\ProjectPRN211.csproj", "{9654D8FC-857C-451B-AFA5-A6272E8F7A93}"
EndProject
Global
	GlobalSection(SolutionConfigurationPlatforms) = preSolution
		Debug|Any CPU = Debug|Any CPU
		Release|Any CPU = Release|Any CPU
	EndGlobalSection
	GlobalSection(ProjectConfigurationPlatforms) = postSolution
		{9654D8FC-857C-451B-AFA5-A6272E8F7A93}.Debug|Any CPU.ActiveCfg = Debug|Any CPU
		{9654D8FC-857C-451B-AFA5-A6272E8F7A93}.Debug|Any CPU.Build.0 = Debug|Any CPU
		{9654D8FC-857C-451B-AFA5-A6272E8F7A93}.Release|Any CPU.ActiveCfg = Release|Any CPU
		{9654D8FC-857C-451B-AFA5-A6272E8F7A93}.Release|Any CPU.Build.0 = Release|Any CPU
	EndGlobalSection
	GlobalSection(SolutionProperties) = preSolution
		HideSolutionNode = FALSE
	EndGlobalSection
	GlobalSection(ExtensibilityGlobals) = postSolution
		SolutionGuid = {F16E6CA2-1D53-42F2-9B07-96098570D2D8}
	EndGlobalSection
EndGlobal
